
Microsoft Visual Studio Solution File, Format Version 12.00
# Visual Studio Version 17
VisualStudioVersion = 17.11.35327.3
MinimumVisualStudioVersion = 10.0.40219.1
Project("{FAE04EC0-301F-11D3-BF4B-00C04F79EFBC}") = "BuberDinner.API", "BuberDinner.API\BuberDinner.API.csproj", "{AFE53BFF-0B93-4F22-8820-F2C743E48943}"
EndProject
Project("{FAE04EC0-301F-11D3-BF4B-00C04F79EFBC}") = "DuberDinner.Contracts", "DuberDinner.Contracts\DuberDinner.Contracts.csproj", "{B712261D-AB3B-47D2-97AF-258E9762E77F}"
EndProject
Project("{FAE04EC0-301F-11D3-BF4B-00C04F79EFBC}") = "DuberDinner.Infrastructure", "DuberDinner.Infrastructure\DuberDinner.Infrastructure.csproj", "{C5E7BC20-01E5-4694-BF94-E10F15E3C0D3}"
EndProject
Project("{FAE04EC0-301F-11D3-BF4B-00C04F79EFBC}") = "BuberDinner.Domain", "BuberDinner.Domain\BuberDinner.Domain.csproj", "{38291A56-5E4D-48FC-A71D-8AADCF33D750}"
EndProject
Project("{FAE04EC0-301F-11D3-BF4B-00C04F79EFBC}") = "BuberDinner.Application", "BuberDinner.Application\BuberDinner.Application.csproj", "{CF6380F2-7FFC-441F-8056-AB833F9CA410}"
EndProject
Global
	GlobalSection(SolutionConfigurationPlatforms) = preSolution
		Debug|Any CPU = Debug|Any CPU
		Release|Any CPU = Release|Any CPU
	EndGlobalSection
	GlobalSection(ProjectConfigurationPlatforms) = postSolution
		{AFE53BFF-0B93-4F22-8820-F2C743E48943}.Debug|Any CPU.ActiveCfg = Debug|Any CPU
		{AFE53BFF-0B93-4F22-8820-F2C743E48943}.Debug|Any CPU.Build.0 = Debug|Any CPU
		{AFE53BFF-0B93-4F22-8820-F2C743E48943}.Release|Any CPU.ActiveCfg = Release|Any CPU
		{AFE53BFF-0B93-4F22-8820-F2C743E48943}.Release|Any CPU.Build.0 = Release|Any CPU
		{B712261D-AB3B-47D2-97AF-258E9762E77F}.Debug|Any CPU.ActiveCfg = Debug|Any CPU
		{B712261D-AB3B-47D2-97AF-258E9762E77F}.Debug|Any CPU.Build.0 = Debug|Any CPU
		{B712261D-AB3B-47D2-97AF-258E9762E77F}.Release|Any CPU.ActiveCfg = Release|Any CPU
		{B712261D-AB3B-47D2-97AF-258E9762E77F}.Release|Any CPU.Build.0 = Release|Any CPU
		{C5E7BC20-01E5-4694-BF94-E10F15E3C0D3}.Debug|Any CPU.ActiveCfg = Debug|Any CPU
		{C5E7BC20-01E5-4694-BF94-E10F15E3C0D3}.Debug|Any CPU.Build.0 = Debug|Any CPU
		{C5E7BC20-01E5-4694-BF94-E10F15E3C0D3}.Release|Any CPU.ActiveCfg = Release|Any CPU
		{C5E7BC20-01E5-4694-BF94-E10F15E3C0D3}.Release|Any CPU.Build.0 = Release|Any CPU
		{38291A56-5E4D-48FC-A71D-8AADCF33D750}.Debug|Any CPU.ActiveCfg = Debug|Any CPU
		{38291A56-5E4D-48FC-A71D-8AADCF33D750}.Debug|Any CPU.Build.0 = Debug|Any CPU
		{38291A56-5E4D-48FC-A71D-8AADCF33D750}.Release|Any CPU.ActiveCfg = Release|Any CPU
		{38291A56-5E4D-48FC-A71D-8AADCF33D750}.Release|Any CPU.Build.0 = Release|Any CPU
		{CF6380F2-7FFC-441F-8056-AB833F9CA410}.Debug|Any CPU.ActiveCfg = Debug|Any CPU
		{CF6380F2-7FFC-441F-8056-AB833F9CA410}.Debug|Any CPU.Build.0 = Debug|Any CPU
		{CF6380F2-7FFC-441F-8056-AB833F9CA410}.Release|Any CPU.ActiveCfg = Release|Any CPU
		{CF6380F2-7FFC-441F-8056-AB833F9CA410}.Release|Any CPU.Build.0 = Release|Any CPU
	EndGlobalSection
	GlobalSection(SolutionProperties) = preSolution
		HideSolutionNode = FALSE
	EndGlobalSection
	GlobalSection(ExtensibilityGlobals) = postSolution
		SolutionGuid = {9692D5AD-BA57-4FBA-9962-0E67D2810A1A}
	EndGlobalSection
EndGlobal
